<?xml version="1.0" encoding="utf-8"?>
<Project ToolsVersion="17.0" xmlns="http://schemas.microsoft.com/developer/msbuild/2003">
  <ItemGroup>
    <CustomBuild Include="C:\Users\marti\AppData\Roaming\Xilinx\Vitis\tiny_dnn\tinyDNNAlt_vanilla\CMakeFiles\1bc4956c0167f7e9a9c9ee0cec0995ad\INSTALL_force.rule">
      <Filter>CMake Rules</Filter>
    </CustomBuild>
  </ItemGroup>
  <ItemGroup>
    <Filter Include="CMake Rules">
      <UniqueIdentifier>{C5656221-0DC3-3C7D-9212-DDC983114F70}</UniqueIdentifier>
    </Filter>
  </ItemGroup>
</Project>
