
Microsoft Visual Studio Solution File, Format Version 12.00
# Visual Studio Version 17
Project("{8BC9CEB8-8B4A-11D0-8D11-00A0C91BC942}") = "ALL_BUILD", "ALL_BUILD.vcxproj", "{36965661-F2D0-3498-B9EF-F02D17E95BCF}"
	ProjectSection(ProjectDependencies) = postProject
		{654978FF-3692-3B76-A544-517A1DC24EE8} = {654978FF-3692-3B76-A544-517A1DC24EE8}
		{6648914B-8816-3ACF-9F63-B723FFCB126B} = {6648914B-8816-3ACF-9F63-B723FFCB126B}
		{233ACDE9-762B-3F34-8927-EFADB3909B70} = {233ACDE9-762B-3F34-8927-EFADB3909B70}
		{51CBEE95-C8FE-3FED-A9FD-BEC53AD15BF0} = {51CBEE95-C8FE-3FED-A9FD-BEC53AD15BF0}
		{2C7BC5CE-ABC4-3FC5-A45D-4FC69045DA62} = {2C7BC5CE-ABC4-3FC5-A45D-4FC69045DA62}
		{D7A560D5-10A1-3ED2-AD2D-9C20DD4FADA5} = {D7A560D5-10A1-3ED2-AD2D-9C20DD4FADA5}
		{EACF2C9D-E55A-3793-9FFC-5289E90851FA} = {EACF2C9D-E55A-3793-9FFC-5289E90851FA}
		{249264D0-1BA2-3230-B270-486125BCA4A2} = {249264D0-1BA2-3230-B270-486125BCA4A2}
		{50671200-1CCF-3943-869C-2A439BE78E94} = {50671200-1CCF-3943-869C-2A439BE78E94}
		{EF03C3E0-1A6B-3CDD-9D16-F26680456769} = {EF03C3E0-1A6B-3CDD-9D16-F26680456769}
		{BDCD664E-7947-35DC-8ED5-0360264A3B49} = {BDCD664E-7947-35DC-8ED5-0360264A3B49}
		{6CCCFB1E-7A38-39EA-A893-9FEBE7ADC03C} = {6CCCFB1E-7A38-39EA-A893-9FEBE7ADC03C}
		{42F26A0E-A5E4-3435-9CA7-5DC18662F7F4} = {42F26A0E-A5E4-3435-9CA7-5DC18662F7F4}
		{E8B37A60-5851-3888-BE1C-59C40E245EC2} = {E8B37A60-5851-3888-BE1C-59C40E245EC2}
		{925DBEC8-034B-3AB1-8FDD-A7C30AE84C06} = {925DBEC8-034B-3AB1-8FDD-A7C30AE84C06}
		{B9A6B04D-FBFA-3F9E-9D5B-A1997AF21D45} = {B9A6B04D-FBFA-3F9E-9D5B-A1997AF21D45}
		{AE768536-DA76-373B-9282-BF0FEC2FAC11} = {AE768536-DA76-373B-9282-BF0FEC2FAC11}
		{3F101DC8-664C-3966-B86E-D6BFCF51128F} = {3F101DC8-664C-3966-B86E-D6BFCF51128F}
		{311FF12D-DCB9-329D-842C-25F36D85F4DE} = {311FF12D-DCB9-329D-842C-25F36D85F4DE}
		{7BCE281C-E3F5-3497-BC5C-AF822552CF49} = {7BCE281C-E3F5-3497-BC5C-AF822552CF49}
		{1279D9CC-EBF3-3B3F-8465-A4539F3698DD} = {1279D9CC-EBF3-3B3F-8465-A4539F3698DD}
		{258682E3-8DAE-3201-B8F5-13A820D6FCD7} = {258682E3-8DAE-3201-B8F5-13A820D6FCD7}
		{CCFE3D10-EBA8-3734-8104-AF1E40F0A196} = {CCFE3D10-EBA8-3734-8104-AF1E40F0A196}
		{AA96C19C-5B1E-3C20-B420-806E5FE421DF} = {AA96C19C-5B1E-3C20-B420-806E5FE421DF}
		{242EA13D-632B-3C74-8DF6-C32D3C581C8D} = {242EA13D-632B-3C74-8DF6-C32D3C581C8D}
		{E312C247-6AD5-364A-AC8D-0F1669BA2B71} = {E312C247-6AD5-364A-AC8D-0F1669BA2B71}
		{88EF179D-B42E-33CE-934D-822BA1007B51} = {88EF179D-B42E-33CE-934D-822BA1007B51}
		{FEC468B1-1277-3249-B29A-58D9793F38B3} = {FEC468B1-1277-3249-B29A-58D9793F38B3}
		{27DA9067-642B-34F7-A895-2724F7D97E92} = {27DA9067-642B-34F7-A895-2724F7D97E92}
		{9F099B83-A6DA-38E1-9AD3-01B09BFDC025} = {9F099B83-A6DA-38E1-9AD3-01B09BFDC025}
		{8DECECE4-0C13-3CA2-A507-3B4ADDE27880} = {8DECECE4-0C13-3CA2-A507-3B4ADDE27880}
		{1B165448-527C-376E-8E04-262FE7BBF708} = {1B165448-527C-376E-8E04-262FE7BBF708}
		{5881D599-E435-3AB0-A460-6D4C2842A5A5} = {5881D599-E435-3AB0-A460-6D4C2842A5A5}
		{B883E568-F0C2-30BD-9797-A6D97B5B8D3C} = {B883E568-F0C2-30BD-9797-A6D97B5B8D3C}
		{A1C166B7-496D-3218-AB0C-D8282C42D1B1} = {A1C166B7-496D-3218-AB0C-D8282C42D1B1}
		{DFFF922F-E6AF-3FE4-91F4-E16CE0A8AA6D} = {DFFF922F-E6AF-3FE4-91F4-E16CE0A8AA6D}
		{21F0A936-1ED7-3435-8EBB-CE160CB34130} = {21F0A936-1ED7-3435-8EBB-CE160CB34130}
	EndProjectSection
EndProject
Project("{8BC9CEB8-8B4A-11D0-8D11-00A0C91BC942}") = "INSTALL", "INSTALL.vcxproj", "{09B34F80-8624-3E5B-B55D-2A1B9C5FE304}"
	ProjectSection(ProjectDependencies) = postProject
		{36965661-F2D0-3498-B9EF-F02D17E95BCF} = {36965661-F2D0-3498-B9EF-F02D17E95BCF}
		{654978FF-3692-3B76-A544-517A1DC24EE8} = {654978FF-3692-3B76-A544-517A1DC24EE8}
	EndProjectSection
EndProject
Project("{8BC9CEB8-8B4A-11D0-8D11-00A0C91BC942}") = "ZERO_CHECK", "ZERO_CHECK.vcxproj", "{654978FF-3692-3B76-A544-517A1DC24EE8}"
	ProjectSection(ProjectDependencies) = postProject
	EndProjectSection
EndProject
Project("{8BC9CEB8-8B4A-11D0-8D11-00A0C91BC942}") = "cifar_test", "examples\cifar10\cifar_test.vcxproj", "{6648914B-8816-3ACF-9F63-B723FFCB126B}"
	ProjectSection(ProjectDependencies) = postProject
		{654978FF-3692-3B76-A544-517A1DC24EE8} = {654978FF-3692-3B76-A544-517A1DC24EE8}
	EndProjectSection
EndProject
Project("{8BC9CEB8-8B4A-11D0-8D11-00A0C91BC942}") = "cifar_test_b16", "examples\cifar10\cifar_test_b16.vcxproj", "{233ACDE9-762B-3F34-8927-EFADB3909B70}"
	ProjectSection(ProjectDependencies) = postProject
		{654978FF-3692-3B76-A544-517A1DC24EE8} = {654978FF-3692-3B76-A544-517A1DC24EE8}
	EndProjectSection
EndProject
Project("{8BC9CEB8-8B4A-11D0-8D11-00A0C91BC942}") = "cifar_test_b8", "examples\cifar10\cifar_test_b8.vcxproj", "{51CBEE95-C8FE-3FED-A9FD-BEC53AD15BF0}"
	ProjectSection(ProjectDependencies) = postProject
		{654978FF-3692-3B76-A544-517A1DC24EE8} = {654978FF-3692-3B76-A544-517A1DC24EE8}
	EndProjectSection
EndProject
Project("{8BC9CEB8-8B4A-11D0-8D11-00A0C91BC942}") = "cifar_test_p10_0", "examples\cifar10\cifar_test_p10_0.vcxproj", "{2C7BC5CE-ABC4-3FC5-A45D-4FC69045DA62}"
	ProjectSection(ProjectDependencies) = postProject
		{654978FF-3692-3B76-A544-517A1DC24EE8} = {654978FF-3692-3B76-A544-517A1DC24EE8}
	EndProjectSection
EndProject
Project("{8BC9CEB8-8B4A-11D0-8D11-00A0C91BC942}") = "cifar_test_p12_0", "examples\cifar10\cifar_test_p12_0.vcxproj", "{D7A560D5-10A1-3ED2-AD2D-9C20DD4FADA5}"
	ProjectSection(ProjectDependencies) = postProject
		{654978FF-3692-3B76-A544-517A1DC24EE8} = {654978FF-3692-3B76-A544-517A1DC24EE8}
	EndProjectSection
EndProject
Project("{8BC9CEB8-8B4A-11D0-8D11-00A0C91BC942}") = "cifar_test_p14_0", "examples\cifar10\cifar_test_p14_0.vcxproj", "{EACF2C9D-E55A-3793-9FFC-5289E90851FA}"
	ProjectSection(ProjectDependencies) = postProject
		{654978FF-3692-3B76-A544-517A1DC24EE8} = {654978FF-3692-3B76-A544-517A1DC24EE8}
	EndProjectSection
EndProject
Project("{8BC9CEB8-8B4A-11D0-8D11-00A0C91BC942}") = "cifar_test_p16_0", "examples\cifar10\cifar_test_p16_0.vcxproj", "{249264D0-1BA2-3230-B270-486125BCA4A2}"
	ProjectSection(ProjectDependencies) = postProject
		{654978FF-3692-3B76-A544-517A1DC24EE8} = {654978FF-3692-3B76-A544-517A1DC24EE8}
	EndProjectSection
EndProject
Project("{8BC9CEB8-8B4A-11D0-8D11-00A0C91BC942}") = "cifar_test_p16_1", "examples\cifar10\cifar_test_p16_1.vcxproj", "{50671200-1CCF-3943-869C-2A439BE78E94}"
	ProjectSection(ProjectDependencies) = postProject
		{654978FF-3692-3B76-A544-517A1DC24EE8} = {654978FF-3692-3B76-A544-517A1DC24EE8}
	EndProjectSection
EndProject
Project("{8BC9CEB8-8B4A-11D0-8D11-00A0C91BC942}") = "cifar_test_p8_0", "examples\cifar10\cifar_test_p8_0.vcxproj", "{EF03C3E0-1A6B-3CDD-9D16-F26680456769}"
	ProjectSection(ProjectDependencies) = postProject
		{654978FF-3692-3B76-A544-517A1DC24EE8} = {654978FF-3692-3B76-A544-517A1DC24EE8}
	EndProjectSection
EndProject
Project("{8BC9CEB8-8B4A-11D0-8D11-00A0C91BC942}") = "cifar_test_p9_0", "examples\cifar10\cifar_test_p9_0.vcxproj", "{BDCD664E-7947-35DC-8ED5-0360264A3B49}"
	ProjectSection(ProjectDependencies) = postProject
		{654978FF-3692-3B76-A544-517A1DC24EE8} = {654978FF-3692-3B76-A544-517A1DC24EE8}
	EndProjectSection
EndProject
Project("{8BC9CEB8-8B4A-11D0-8D11-00A0C91BC942}") = "cifar_tests_type", "examples\cifar10\cifar_tests_type.vcxproj", "{860E7CAF-8646-34A9-8CF9-1D32EC94B6FC}"
	ProjectSection(ProjectDependencies) = postProject
		{654978FF-3692-3B76-A544-517A1DC24EE8} = {654978FF-3692-3B76-A544-517A1DC24EE8}
		{6648914B-8816-3ACF-9F63-B723FFCB126B} = {6648914B-8816-3ACF-9F63-B723FFCB126B}
		{233ACDE9-762B-3F34-8927-EFADB3909B70} = {233ACDE9-762B-3F34-8927-EFADB3909B70}
		{51CBEE95-C8FE-3FED-A9FD-BEC53AD15BF0} = {51CBEE95-C8FE-3FED-A9FD-BEC53AD15BF0}
		{2C7BC5CE-ABC4-3FC5-A45D-4FC69045DA62} = {2C7BC5CE-ABC4-3FC5-A45D-4FC69045DA62}
		{D7A560D5-10A1-3ED2-AD2D-9C20DD4FADA5} = {D7A560D5-10A1-3ED2-AD2D-9C20DD4FADA5}
		{EACF2C9D-E55A-3793-9FFC-5289E90851FA} = {EACF2C9D-E55A-3793-9FFC-5289E90851FA}
		{249264D0-1BA2-3230-B270-486125BCA4A2} = {249264D0-1BA2-3230-B270-486125BCA4A2}
		{50671200-1CCF-3943-869C-2A439BE78E94} = {50671200-1CCF-3943-869C-2A439BE78E94}
		{EF03C3E0-1A6B-3CDD-9D16-F26680456769} = {EF03C3E0-1A6B-3CDD-9D16-F26680456769}
		{BDCD664E-7947-35DC-8ED5-0360264A3B49} = {BDCD664E-7947-35DC-8ED5-0360264A3B49}
	EndProjectSection
EndProject
Project("{8BC9CEB8-8B4A-11D0-8D11-00A0C91BC942}") = "cifar_train", "examples\cifar10\cifar_train.vcxproj", "{6CCCFB1E-7A38-39EA-A893-9FEBE7ADC03C}"
	ProjectSection(ProjectDependencies) = postProject
		{654978FF-3692-3B76-A544-517A1DC24EE8} = {654978FF-3692-3B76-A544-517A1DC24EE8}
	EndProjectSection
EndProject
Project("{8BC9CEB8-8B4A-11D0-8D11-00A0C91BC942}") = "cifar_trains_type", "examples\cifar10\cifar_trains_type.vcxproj", "{437BF92C-C5B1-311C-B3BA-FB369BFEA4BB}"
	ProjectSection(ProjectDependencies) = postProject
		{654978FF-3692-3B76-A544-517A1DC24EE8} = {654978FF-3692-3B76-A544-517A1DC24EE8}
		{6CCCFB1E-7A38-39EA-A893-9FEBE7ADC03C} = {6CCCFB1E-7A38-39EA-A893-9FEBE7ADC03C}
	EndProjectSection
EndProject
Project("{8BC9CEB8-8B4A-11D0-8D11-00A0C91BC942}") = "gtrsb_test", "examples\GTRSB\gtrsb_test.vcxproj", "{42F26A0E-A5E4-3435-9CA7-5DC18662F7F4}"
	ProjectSection(ProjectDependencies) = postProject
		{654978FF-3692-3B76-A544-517A1DC24EE8} = {654978FF-3692-3B76-A544-517A1DC24EE8}
	EndProjectSection
EndProject
Project("{8BC9CEB8-8B4A-11D0-8D11-00A0C91BC942}") = "gtrsb_test_b16", "examples\GTRSB\gtrsb_test_b16.vcxproj", "{E8B37A60-5851-3888-BE1C-59C40E245EC2}"
	ProjectSection(ProjectDependencies) = postProject
		{654978FF-3692-3B76-A544-517A1DC24EE8} = {654978FF-3692-3B76-A544-517A1DC24EE8}
	EndProjectSection
EndProject
Project("{8BC9CEB8-8B4A-11D0-8D11-00A0C91BC942}") = "gtrsb_test_b8", "examples\GTRSB\gtrsb_test_b8.vcxproj", "{925DBEC8-034B-3AB1-8FDD-A7C30AE84C06}"
	ProjectSection(ProjectDependencies) = postProject
		{654978FF-3692-3B76-A544-517A1DC24EE8} = {654978FF-3692-3B76-A544-517A1DC24EE8}
	EndProjectSection
EndProject
Project("{8BC9CEB8-8B4A-11D0-8D11-00A0C91BC942}") = "gtrsb_test_p10_0", "examples\GTRSB\gtrsb_test_p10_0.vcxproj", "{B9A6B04D-FBFA-3F9E-9D5B-A1997AF21D45}"
	ProjectSection(ProjectDependencies) = postProject
		{654978FF-3692-3B76-A544-517A1DC24EE8} = {654978FF-3692-3B76-A544-517A1DC24EE8}
	EndProjectSection
EndProject
Project("{8BC9CEB8-8B4A-11D0-8D11-00A0C91BC942}") = "gtrsb_test_p12_0", "examples\GTRSB\gtrsb_test_p12_0.vcxproj", "{AE768536-DA76-373B-9282-BF0FEC2FAC11}"
	ProjectSection(ProjectDependencies) = postProject
		{654978FF-3692-3B76-A544-517A1DC24EE8} = {654978FF-3692-3B76-A544-517A1DC24EE8}
	EndProjectSection
EndProject
Project("{8BC9CEB8-8B4A-11D0-8D11-00A0C91BC942}") = "gtrsb_test_p14_0", "examples\GTRSB\gtrsb_test_p14_0.vcxproj", "{3F101DC8-664C-3966-B86E-D6BFCF51128F}"
	ProjectSection(ProjectDependencies) = postProject
		{654978FF-3692-3B76-A544-517A1DC24EE8} = {654978FF-3692-3B76-A544-517A1DC24EE8}
	EndProjectSection
EndProject
Project("{8BC9CEB8-8B4A-11D0-8D11-00A0C91BC942}") = "gtrsb_test_p16_0", "examples\GTRSB\gtrsb_test_p16_0.vcxproj", "{311FF12D-DCB9-329D-842C-25F36D85F4DE}"
	ProjectSection(ProjectDependencies) = postProject
		{654978FF-3692-3B76-A544-517A1DC24EE8} = {654978FF-3692-3B76-A544-517A1DC24EE8}
	EndProjectSection
EndProject
Project("{8BC9CEB8-8B4A-11D0-8D11-00A0C91BC942}") = "gtrsb_test_p16_1", "examples\GTRSB\gtrsb_test_p16_1.vcxproj", "{7BCE281C-E3F5-3497-BC5C-AF822552CF49}"
	ProjectSection(ProjectDependencies) = postProject
		{654978FF-3692-3B76-A544-517A1DC24EE8} = {654978FF-3692-3B76-A544-517A1DC24EE8}
	EndProjectSection
EndProject
Project("{8BC9CEB8-8B4A-11D0-8D11-00A0C91BC942}") = "gtrsb_test_p8_0", "examples\GTRSB\gtrsb_test_p8_0.vcxproj", "{1279D9CC-EBF3-3B3F-8465-A4539F3698DD}"
	ProjectSection(ProjectDependencies) = postProject
		{654978FF-3692-3B76-A544-517A1DC24EE8} = {654978FF-3692-3B76-A544-517A1DC24EE8}
	EndProjectSection
EndProject
Project("{8BC9CEB8-8B4A-11D0-8D11-00A0C91BC942}") = "gtrsb_tests_type", "examples\GTRSB\gtrsb_tests_type.vcxproj", "{E4CE1FCB-B4CE-3656-A880-5F458959F705}"
	ProjectSection(ProjectDependencies) = postProject
		{654978FF-3692-3B76-A544-517A1DC24EE8} = {654978FF-3692-3B76-A544-517A1DC24EE8}
		{42F26A0E-A5E4-3435-9CA7-5DC18662F7F4} = {42F26A0E-A5E4-3435-9CA7-5DC18662F7F4}
		{E8B37A60-5851-3888-BE1C-59C40E245EC2} = {E8B37A60-5851-3888-BE1C-59C40E245EC2}
		{925DBEC8-034B-3AB1-8FDD-A7C30AE84C06} = {925DBEC8-034B-3AB1-8FDD-A7C30AE84C06}
		{B9A6B04D-FBFA-3F9E-9D5B-A1997AF21D45} = {B9A6B04D-FBFA-3F9E-9D5B-A1997AF21D45}
		{AE768536-DA76-373B-9282-BF0FEC2FAC11} = {AE768536-DA76-373B-9282-BF0FEC2FAC11}
		{3F101DC8-664C-3966-B86E-D6BFCF51128F} = {3F101DC8-664C-3966-B86E-D6BFCF51128F}
		{311FF12D-DCB9-329D-842C-25F36D85F4DE} = {311FF12D-DCB9-329D-842C-25F36D85F4DE}
		{7BCE281C-E3F5-3497-BC5C-AF822552CF49} = {7BCE281C-E3F5-3497-BC5C-AF822552CF49}
		{1279D9CC-EBF3-3B3F-8465-A4539F3698DD} = {1279D9CC-EBF3-3B3F-8465-A4539F3698DD}
	EndProjectSection
EndProject
Project("{8BC9CEB8-8B4A-11D0-8D11-00A0C91BC942}") = "gtrsb_train", "examples\GTRSB\gtrsb_train.vcxproj", "{258682E3-8DAE-3201-B8F5-13A820D6FCD7}"
	ProjectSection(ProjectDependencies) = postProject
		{654978FF-3692-3B76-A544-517A1DC24EE8} = {654978FF-3692-3B76-A544-517A1DC24EE8}
	EndProjectSection
EndProject
Project("{8BC9CEB8-8B4A-11D0-8D11-00A0C91BC942}") = "gtrsb_trains_type", "examples\GTRSB\gtrsb_trains_type.vcxproj", "{0D56E497-1A4B-36B1-AA2B-B04F81F3245A}"
	ProjectSection(ProjectDependencies) = postProject
		{654978FF-3692-3B76-A544-517A1DC24EE8} = {654978FF-3692-3B76-A544-517A1DC24EE8}
		{258682E3-8DAE-3201-B8F5-13A820D6FCD7} = {258682E3-8DAE-3201-B8F5-13A820D6FCD7}
	EndProjectSection
EndProject
Project("{8BC9CEB8-8B4A-11D0-8D11-00A0C91BC942}") = "inet_test", "examples\ImageNet\inet_test.vcxproj", "{CCFE3D10-EBA8-3734-8104-AF1E40F0A196}"
	ProjectSection(ProjectDependencies) = postProject
		{654978FF-3692-3B76-A544-517A1DC24EE8} = {654978FF-3692-3B76-A544-517A1DC24EE8}
	EndProjectSection
EndProject
Project("{8BC9CEB8-8B4A-11D0-8D11-00A0C91BC942}") = "inet_test_p10_0", "examples\ImageNet\inet_test_p10_0.vcxproj", "{AA96C19C-5B1E-3C20-B420-806E5FE421DF}"
	ProjectSection(ProjectDependencies) = postProject
		{654978FF-3692-3B76-A544-517A1DC24EE8} = {654978FF-3692-3B76-A544-517A1DC24EE8}
	EndProjectSection
EndProject
Project("{8BC9CEB8-8B4A-11D0-8D11-00A0C91BC942}") = "inet_test_p8_0", "examples\ImageNet\inet_test_p8_0.vcxproj", "{242EA13D-632B-3C74-8DF6-C32D3C581C8D}"
	ProjectSection(ProjectDependencies) = postProject
		{654978FF-3692-3B76-A544-517A1DC24EE8} = {654978FF-3692-3B76-A544-517A1DC24EE8}
	EndProjectSection
EndProject
Project("{8BC9CEB8-8B4A-11D0-8D11-00A0C91BC942}") = "inet_tests_type", "examples\ImageNet\inet_tests_type.vcxproj", "{9BE9E61E-0623-3B4D-B546-94D9CB176729}"
	ProjectSection(ProjectDependencies) = postProject
		{654978FF-3692-3B76-A544-517A1DC24EE8} = {654978FF-3692-3B76-A544-517A1DC24EE8}
		{CCFE3D10-EBA8-3734-8104-AF1E40F0A196} = {CCFE3D10-EBA8-3734-8104-AF1E40F0A196}
		{AA96C19C-5B1E-3C20-B420-806E5FE421DF} = {AA96C19C-5B1E-3C20-B420-806E5FE421DF}
		{242EA13D-632B-3C74-8DF6-C32D3C581C8D} = {242EA13D-632B-3C74-8DF6-C32D3C581C8D}
	EndProjectSection
EndProject
Project("{8BC9CEB8-8B4A-11D0-8D11-00A0C91BC942}") = "inet_train", "examples\ImageNet\inet_train.vcxproj", "{E312C247-6AD5-364A-AC8D-0F1669BA2B71}"
	ProjectSection(ProjectDependencies) = postProject
		{654978FF-3692-3B76-A544-517A1DC24EE8} = {654978FF-3692-3B76-A544-517A1DC24EE8}
	EndProjectSection
EndProject
Project("{8BC9CEB8-8B4A-11D0-8D11-00A0C91BC942}") = "inet_trains_type", "examples\ImageNet\inet_trains_type.vcxproj", "{F30A5C01-D279-3850-A9A3-4F7830761462}"
	ProjectSection(ProjectDependencies) = postProject
		{654978FF-3692-3B76-A544-517A1DC24EE8} = {654978FF-3692-3B76-A544-517A1DC24EE8}
		{E312C247-6AD5-364A-AC8D-0F1669BA2B71} = {E312C247-6AD5-364A-AC8D-0F1669BA2B71}
	EndProjectSection
EndProject
Project("{8BC9CEB8-8B4A-11D0-8D11-00A0C91BC942}") = "mnist_test", "examples\mnist\mnist_test.vcxproj", "{88EF179D-B42E-33CE-934D-822BA1007B51}"
	ProjectSection(ProjectDependencies) = postProject
		{654978FF-3692-3B76-A544-517A1DC24EE8} = {654978FF-3692-3B76-A544-517A1DC24EE8}
	EndProjectSection
EndProject
Project("{8BC9CEB8-8B4A-11D0-8D11-00A0C91BC942}") = "mnist_test_b16", "examples\mnist\mnist_test_b16.vcxproj", "{FEC468B1-1277-3249-B29A-58D9793F38B3}"
	ProjectSection(ProjectDependencies) = postProject
		{654978FF-3692-3B76-A544-517A1DC24EE8} = {654978FF-3692-3B76-A544-517A1DC24EE8}
	EndProjectSection
EndProject
Project("{8BC9CEB8-8B4A-11D0-8D11-00A0C91BC942}") = "mnist_test_b8", "examples\mnist\mnist_test_b8.vcxproj", "{27DA9067-642B-34F7-A895-2724F7D97E92}"
	ProjectSection(ProjectDependencies) = postProject
		{654978FF-3692-3B76-A544-517A1DC24EE8} = {654978FF-3692-3B76-A544-517A1DC24EE8}
	EndProjectSection
EndProject
Project("{8BC9CEB8-8B4A-11D0-8D11-00A0C91BC942}") = "mnist_test_p10_0", "examples\mnist\mnist_test_p10_0.vcxproj", "{9F099B83-A6DA-38E1-9AD3-01B09BFDC025}"
	ProjectSection(ProjectDependencies) = postProject
		{654978FF-3692-3B76-A544-517A1DC24EE8} = {654978FF-3692-3B76-A544-517A1DC24EE8}
	EndProjectSection
EndProject
Project("{8BC9CEB8-8B4A-11D0-8D11-00A0C91BC942}") = "mnist_test_p12_0", "examples\mnist\mnist_test_p12_0.vcxproj", "{8DECECE4-0C13-3CA2-A507-3B4ADDE27880}"
	ProjectSection(ProjectDependencies) = postProject
		{654978FF-3692-3B76-A544-517A1DC24EE8} = {654978FF-3692-3B76-A544-517A1DC24EE8}
	EndProjectSection
EndProject
Project("{8BC9CEB8-8B4A-11D0-8D11-00A0C91BC942}") = "mnist_test_p14_0", "examples\mnist\mnist_test_p14_0.vcxproj", "{1B165448-527C-376E-8E04-262FE7BBF708}"
	ProjectSection(ProjectDependencies) = postProject
		{654978FF-3692-3B76-A544-517A1DC24EE8} = {654978FF-3692-3B76-A544-517A1DC24EE8}
	EndProjectSection
EndProject
Project("{8BC9CEB8-8B4A-11D0-8D11-00A0C91BC942}") = "mnist_test_p16_0", "examples\mnist\mnist_test_p16_0.vcxproj", "{5881D599-E435-3AB0-A460-6D4C2842A5A5}"
	ProjectSection(ProjectDependencies) = postProject
		{654978FF-3692-3B76-A544-517A1DC24EE8} = {654978FF-3692-3B76-A544-517A1DC24EE8}
	EndProjectSection
EndProject
Project("{8BC9CEB8-8B4A-11D0-8D11-00A0C91BC942}") = "mnist_test_p16_1", "examples\mnist\mnist_test_p16_1.vcxproj", "{B883E568-F0C2-30BD-9797-A6D97B5B8D3C}"
	ProjectSection(ProjectDependencies) = postProject
		{654978FF-3692-3B76-A544-517A1DC24EE8} = {654978FF-3692-3B76-A544-517A1DC24EE8}
	EndProjectSection
EndProject
Project("{8BC9CEB8-8B4A-11D0-8D11-00A0C91BC942}") = "mnist_test_p8_0", "examples\mnist\mnist_test_p8_0.vcxproj", "{A1C166B7-496D-3218-AB0C-D8282C42D1B1}"
	ProjectSection(ProjectDependencies) = postProject
		{654978FF-3692-3B76-A544-517A1DC24EE8} = {654978FF-3692-3B76-A544-517A1DC24EE8}
	EndProjectSection
EndProject
Project("{8BC9CEB8-8B4A-11D0-8D11-00A0C91BC942}") = "mnist_tests_type", "examples\mnist\mnist_tests_type.vcxproj", "{C9AC6123-7193-365D-B4E2-402ABD4A6136}"
	ProjectSection(ProjectDependencies) = postProject
		{654978FF-3692-3B76-A544-517A1DC24EE8} = {654978FF-3692-3B76-A544-517A1DC24EE8}
		{88EF179D-B42E-33CE-934D-822BA1007B51} = {88EF179D-B42E-33CE-934D-822BA1007B51}
		{FEC468B1-1277-3249-B29A-58D9793F38B3} = {FEC468B1-1277-3249-B29A-58D9793F38B3}
		{27DA9067-642B-34F7-A895-2724F7D97E92} = {27DA9067-642B-34F7-A895-2724F7D97E92}
		{9F099B83-A6DA-38E1-9AD3-01B09BFDC025} = {9F099B83-A6DA-38E1-9AD3-01B09BFDC025}
		{8DECECE4-0C13-3CA2-A507-3B4ADDE27880} = {8DECECE4-0C13-3CA2-A507-3B4ADDE27880}
		{1B165448-527C-376E-8E04-262FE7BBF708} = {1B165448-527C-376E-8E04-262FE7BBF708}
		{5881D599-E435-3AB0-A460-6D4C2842A5A5} = {5881D599-E435-3AB0-A460-6D4C2842A5A5}
		{B883E568-F0C2-30BD-9797-A6D97B5B8D3C} = {B883E568-F0C2-30BD-9797-A6D97B5B8D3C}
		{A1C166B7-496D-3218-AB0C-D8282C42D1B1} = {A1C166B7-496D-3218-AB0C-D8282C42D1B1}
	EndProjectSection
EndProject
Project("{8BC9CEB8-8B4A-11D0-8D11-00A0C91BC942}") = "mnist_train", "examples\mnist\mnist_train.vcxproj", "{DFFF922F-E6AF-3FE4-91F4-E16CE0A8AA6D}"
	ProjectSection(ProjectDependencies) = postProject
		{654978FF-3692-3B76-A544-517A1DC24EE8} = {654978FF-3692-3B76-A544-517A1DC24EE8}
	EndProjectSection
EndProject
Project("{8BC9CEB8-8B4A-11D0-8D11-00A0C91BC942}") = "mnist_train_p16_0", "examples\mnist\mnist_train_p16_0.vcxproj", "{21F0A936-1ED7-3435-8EBB-CE160CB34130}"
	ProjectSection(ProjectDependencies) = postProject
		{654978FF-3692-3B76-A544-517A1DC24EE8} = {654978FF-3692-3B76-A544-517A1DC24EE8}
	EndProjectSection
EndProject
Project("{8BC9CEB8-8B4A-11D0-8D11-00A0C91BC942}") = "mnist_trains_type", "examples\mnist\mnist_trains_type.vcxproj", "{F7898D50-5225-3F98-898F-1E1E0C40F746}"
	ProjectSection(ProjectDependencies) = postProject
		{654978FF-3692-3B76-A544-517A1DC24EE8} = {654978FF-3692-3B76-A544-517A1DC24EE8}
		{DFFF922F-E6AF-3FE4-91F4-E16CE0A8AA6D} = {DFFF922F-E6AF-3FE4-91F4-E16CE0A8AA6D}
		{21F0A936-1ED7-3435-8EBB-CE160CB34130} = {21F0A936-1ED7-3435-8EBB-CE160CB34130}
	EndProjectSection
EndProject
Project("{8BC9CEB8-8B4A-11D0-8D11-00A0C91BC942}") = "uninstall", "uninstall.vcxproj", "{454CC9AC-C61B-32F6-9EA3-4AB81483ED7F}"
	ProjectSection(ProjectDependencies) = postProject
		{654978FF-3692-3B76-A544-517A1DC24EE8} = {654978FF-3692-3B76-A544-517A1DC24EE8}
	EndProjectSection
EndProject
Global
	GlobalSection(SolutionConfigurationPlatforms) = preSolution
		Debug|x64 = Debug|x64
		Release|x64 = Release|x64
		MinSizeRel|x64 = MinSizeRel|x64
		RelWithDebInfo|x64 = RelWithDebInfo|x64
	EndGlobalSection
	GlobalSection(ProjectConfigurationPlatforms) = postSolution
		{36965661-F2D0-3498-B9EF-F02D17E95BCF}.Debug|x64.ActiveCfg = Debug|x64
		{36965661-F2D0-3498-B9EF-F02D17E95BCF}.Debug|x64.Build.0 = Debug|x64
		{36965661-F2D0-3498-B9EF-F02D17E95BCF}.Release|x64.ActiveCfg = Release|x64
		{36965661-F2D0-3498-B9EF-F02D17E95BCF}.Release|x64.Build.0 = Release|x64
		{36965661-F2D0-3498-B9EF-F02D17E95BCF}.MinSizeRel|x64.ActiveCfg = MinSizeRel|x64
		{36965661-F2D0-3498-B9EF-F02D17E95BCF}.MinSizeRel|x64.Build.0 = MinSizeRel|x64
		{36965661-F2D0-3498-B9EF-F02D17E95BCF}.RelWithDebInfo|x64.ActiveCfg = RelWithDebInfo|x64
		{36965661-F2D0-3498-B9EF-F02D17E95BCF}.RelWithDebInfo|x64.Build.0 = RelWithDebInfo|x64
		{09B34F80-8624-3E5B-B55D-2A1B9C5FE304}.Debug|x64.ActiveCfg = Debug|x64
		{09B34F80-8624-3E5B-B55D-2A1B9C5FE304}.Release|x64.ActiveCfg = Release|x64
		{09B34F80-8624-3E5B-B55D-2A1B9C5FE304}.MinSizeRel|x64.ActiveCfg = MinSizeRel|x64
		{09B34F80-8624-3E5B-B55D-2A1B9C5FE304}.RelWithDebInfo|x64.ActiveCfg = RelWithDebInfo|x64
		{654978FF-3692-3B76-A544-517A1DC24EE8}.Debug|x64.ActiveCfg = Debug|x64
		{654978FF-3692-3B76-A544-517A1DC24EE8}.Debug|x64.Build.0 = Debug|x64
		{654978FF-3692-3B76-A544-517A1DC24EE8}.Release|x64.ActiveCfg = Release|x64
		{654978FF-3692-3B76-A544-517A1DC24EE8}.Release|x64.Build.0 = Release|x64
		{654978FF-3692-3B76-A544-517A1DC24EE8}.MinSizeRel|x64.ActiveCfg = MinSizeRel|x64
		{654978FF-3692-3B76-A544-517A1DC24EE8}.MinSizeRel|x64.Build.0 = MinSizeRel|x64
		{654978FF-3692-3B76-A544-517A1DC24EE8}.RelWithDebInfo|x64.ActiveCfg = RelWithDebInfo|x64
		{654978FF-3692-3B76-A544-517A1DC24EE8}.RelWithDebInfo|x64.Build.0 = RelWithDebInfo|x64
		{6648914B-8816-3ACF-9F63-B723FFCB126B}.Debug|x64.ActiveCfg = Debug|x64
		{6648914B-8816-3ACF-9F63-B723FFCB126B}.Debug|x64.Build.0 = Debug|x64
		{6648914B-8816-3ACF-9F63-B723FFCB126B}.Release|x64.ActiveCfg = Release|x64
		{6648914B-8816-3ACF-9F63-B723FFCB126B}.Release|x64.Build.0 = Release|x64
		{6648914B-8816-3ACF-9F63-B723FFCB126B}.MinSizeRel|x64.ActiveCfg = MinSizeRel|x64
		{6648914B-8816-3ACF-9F63-B723FFCB126B}.MinSizeRel|x64.Build.0 = MinSizeRel|x64
		{6648914B-8816-3ACF-9F63-B723FFCB126B}.RelWithDebInfo|x64.ActiveCfg = RelWithDebInfo|x64
		{6648914B-8816-3ACF-9F63-B723FFCB126B}.RelWithDebInfo|x64.Build.0 = RelWithDebInfo|x64
		{233ACDE9-762B-3F34-8927-EFADB3909B70}.Debug|x64.ActiveCfg = Debug|x64
		{233ACDE9-762B-3F34-8927-EFADB3909B70}.Debug|x64.Build.0 = Debug|x64
		{233ACDE9-762B-3F34-8927-EFADB3909B70}.Release|x64.ActiveCfg = Release|x64
		{233ACDE9-762B-3F34-8927-EFADB3909B70}.Release|x64.Build.0 = Release|x64
		{233ACDE9-762B-3F34-8927-EFADB3909B70}.MinSizeRel|x64.ActiveCfg = MinSizeRel|x64
		{233ACDE9-762B-3F34-8927-EFADB3909B70}.MinSizeRel|x64.Build.0 = MinSizeRel|x64
		{233ACDE9-762B-3F34-8927-EFADB3909B70}.RelWithDebInfo|x64.ActiveCfg = RelWithDebInfo|x64
		{233ACDE9-762B-3F34-8927-EFADB3909B70}.RelWithDebInfo|x64.Build.0 = RelWithDebInfo|x64
		{51CBEE95-C8FE-3FED-A9FD-BEC53AD15BF0}.Debug|x64.ActiveCfg = Debug|x64
		{51CBEE95-C8FE-3FED-A9FD-BEC53AD15BF0}.Debug|x64.Build.0 = Debug|x64
		{51CBEE95-C8FE-3FED-A9FD-BEC53AD15BF0}.Release|x64.ActiveCfg = Release|x64
		{51CBEE95-C8FE-3FED-A9FD-BEC53AD15BF0}.Release|x64.Build.0 = Release|x64
		{51CBEE95-C8FE-3FED-A9FD-BEC53AD15BF0}.MinSizeRel|x64.ActiveCfg = MinSizeRel|x64
		{51CBEE95-C8FE-3FED-A9FD-BEC53AD15BF0}.MinSizeRel|x64.Build.0 = MinSizeRel|x64
		{51CBEE95-C8FE-3FED-A9FD-BEC53AD15BF0}.RelWithDebInfo|x64.ActiveCfg = RelWithDebInfo|x64
		{51CBEE95-C8FE-3FED-A9FD-BEC53AD15BF0}.RelWithDebInfo|x64.Build.0 = RelWithDebInfo|x64
		{2C7BC5CE-ABC4-3FC5-A45D-4FC69045DA62}.Debug|x64.ActiveCfg = Debug|x64
		{2C7BC5CE-ABC4-3FC5-A45D-4FC69045DA62}.Debug|x64.Build.0 = Debug|x64
		{2C7BC5CE-ABC4-3FC5-A45D-4FC69045DA62}.Release|x64.ActiveCfg = Release|x64
		{2C7BC5CE-ABC4-3FC5-A45D-4FC69045DA62}.Release|x64.Build.0 = Release|x64
		{2C7BC5CE-ABC4-3FC5-A45D-4FC69045DA62}.MinSizeRel|x64.ActiveCfg = MinSizeRel|x64
		{2C7BC5CE-ABC4-3FC5-A45D-4FC69045DA62}.MinSizeRel|x64.Build.0 = MinSizeRel|x64
		{2C7BC5CE-ABC4-3FC5-A45D-4FC69045DA62}.RelWithDebInfo|x64.ActiveCfg = RelWithDebInfo|x64
		{2C7BC5CE-ABC4-3FC5-A45D-4FC69045DA62}.RelWithDebInfo|x64.Build.0 = RelWithDebInfo|x64
		{D7A560D5-10A1-3ED2-AD2D-9C20DD4FADA5}.Debug|x64.ActiveCfg = Debug|x64
		{D7A560D5-10A1-3ED2-AD2D-9C20DD4FADA5}.Debug|x64.Build.0 = Debug|x64
		{D7A560D5-10A1-3ED2-AD2D-9C20DD4FADA5}.Release|x64.ActiveCfg = Release|x64
		{D7A560D5-10A1-3ED2-AD2D-9C20DD4FADA5}.Release|x64.Build.0 = Release|x64
		{D7A560D5-10A1-3ED2-AD2D-9C20DD4FADA5}.MinSizeRel|x64.ActiveCfg = MinSizeRel|x64
		{D7A560D5-10A1-3ED2-AD2D-9C20DD4FADA5}.MinSizeRel|x64.Build.0 = MinSizeRel|x64
		{D7A560D5-10A1-3ED2-AD2D-9C20DD4FADA5}.RelWithDebInfo|x64.ActiveCfg = RelWithDebInfo|x64
		{D7A560D5-10A1-3ED2-AD2D-9C20DD4FADA5}.RelWithDebInfo|x64.Build.0 = RelWithDebInfo|x64
		{EACF2C9D-E55A-3793-9FFC-5289E90851FA}.Debug|x64.ActiveCfg = Debug|x64
		{EACF2C9D-E55A-3793-9FFC-5289E90851FA}.Debug|x64.Build.0 = Debug|x64
		{EACF2C9D-E55A-3793-9FFC-5289E90851FA}.Release|x64.ActiveCfg = Release|x64
		{EACF2C9D-E55A-3793-9FFC-5289E90851FA}.Release|x64.Build.0 = Release|x64
		{EACF2C9D-E55A-3793-9FFC-5289E90851FA}.MinSizeRel|x64.ActiveCfg = MinSizeRel|x64
		{EACF2C9D-E55A-3793-9FFC-5289E90851FA}.MinSizeRel|x64.Build.0 = MinSizeRel|x64
		{EACF2C9D-E55A-3793-9FFC-5289E90851FA}.RelWithDebInfo|x64.ActiveCfg = RelWithDebInfo|x64
		{EACF2C9D-E55A-3793-9FFC-5289E90851FA}.RelWithDebInfo|x64.Build.0 = RelWithDebInfo|x64
		{249264D0-1BA2-3230-B270-486125BCA4A2}.Debug|x64.ActiveCfg = Debug|x64
		{249264D0-1BA2-3230-B270-486125BCA4A2}.Debug|x64.Build.0 = Debug|x64
		{249264D0-1BA2-3230-B270-486125BCA4A2}.Release|x64.ActiveCfg = Release|x64
		{249264D0-1BA2-3230-B270-486125BCA4A2}.Release|x64.Build.0 = Release|x64
		{249264D0-1BA2-3230-B270-486125BCA4A2}.MinSizeRel|x64.ActiveCfg = MinSizeRel|x64
		{249264D0-1BA2-3230-B270-486125BCA4A2}.MinSizeRel|x64.Build.0 = MinSizeRel|x64
		{249264D0-1BA2-3230-B270-486125BCA4A2}.RelWithDebInfo|x64.ActiveCfg = RelWithDebInfo|x64
		{249264D0-1BA2-3230-B270-486125BCA4A2}.RelWithDebInfo|x64.Build.0 = RelWithDebInfo|x64
		{50671200-1CCF-3943-869C-2A439BE78E94}.Debug|x64.ActiveCfg = Debug|x64
		{50671200-1CCF-3943-869C-2A439BE78E94}.Debug|x64.Build.0 = Debug|x64
		{50671200-1CCF-3943-869C-2A439BE78E94}.Release|x64.ActiveCfg = Release|x64
		{50671200-1CCF-3943-869C-2A439BE78E94}.Release|x64.Build.0 = Release|x64
		{50671200-1CCF-3943-869C-2A439BE78E94}.MinSizeRel|x64.ActiveCfg = MinSizeRel|x64
		{50671200-1CCF-3943-869C-2A439BE78E94}.MinSizeRel|x64.Build.0 = MinSizeRel|x64
		{50671200-1CCF-3943-869C-2A439BE78E94}.RelWithDebInfo|x64.ActiveCfg = RelWithDebInfo|x64
		{50671200-1CCF-3943-869C-2A439BE78E94}.RelWithDebInfo|x64.Build.0 = RelWithDebInfo|x64
		{EF03C3E0-1A6B-3CDD-9D16-F26680456769}.Debug|x64.ActiveCfg = Debug|x64
		{EF03C3E0-1A6B-3CDD-9D16-F26680456769}.Debug|x64.Build.0 = Debug|x64
		{EF03C3E0-1A6B-3CDD-9D16-F26680456769}.Release|x64.ActiveCfg = Release|x64
		{EF03C3E0-1A6B-3CDD-9D16-F26680456769}.Release|x64.Build.0 = Release|x64
		{EF03C3E0-1A6B-3CDD-9D16-F26680456769}.MinSizeRel|x64.ActiveCfg = MinSizeRel|x64
		{EF03C3E0-1A6B-3CDD-9D16-F26680456769}.MinSizeRel|x64.Build.0 = MinSizeRel|x64
		{EF03C3E0-1A6B-3CDD-9D16-F26680456769}.RelWithDebInfo|x64.ActiveCfg = RelWithDebInfo|x64
		{EF03C3E0-1A6B-3CDD-9D16-F26680456769}.RelWithDebInfo|x64.Build.0 = RelWithDebInfo|x64
		{BDCD664E-7947-35DC-8ED5-0360264A3B49}.Debug|x64.ActiveCfg = Debug|x64
		{BDCD664E-7947-35DC-8ED5-0360264A3B49}.Debug|x64.Build.0 = Debug|x64
		{BDCD664E-7947-35DC-8ED5-0360264A3B49}.Release|x64.ActiveCfg = Release|x64
		{BDCD664E-7947-35DC-8ED5-0360264A3B49}.Release|x64.Build.0 = Release|x64
		{BDCD664E-7947-35DC-8ED5-0360264A3B49}.MinSizeRel|x64.ActiveCfg = MinSizeRel|x64
		{BDCD664E-7947-35DC-8ED5-0360264A3B49}.MinSizeRel|x64.Build.0 = MinSizeRel|x64
		{BDCD664E-7947-35DC-8ED5-0360264A3B49}.RelWithDebInfo|x64.ActiveCfg = RelWithDebInfo|x64
		{BDCD664E-7947-35DC-8ED5-0360264A3B49}.RelWithDebInfo|x64.Build.0 = RelWithDebInfo|x64
		{860E7CAF-8646-34A9-8CF9-1D32EC94B6FC}.Debug|x64.ActiveCfg = Debug|x64
		{860E7CAF-8646-34A9-8CF9-1D32EC94B6FC}.Release|x64.ActiveCfg = Release|x64
		{860E7CAF-8646-34A9-8CF9-1D32EC94B6FC}.MinSizeRel|x64.ActiveCfg = MinSizeRel|x64
		{860E7CAF-8646-34A9-8CF9-1D32EC94B6FC}.RelWithDebInfo|x64.ActiveCfg = RelWithDebInfo|x64
		{6CCCFB1E-7A38-39EA-A893-9FEBE7ADC03C}.Debug|x64.ActiveCfg = Debug|x64
		{6CCCFB1E-7A38-39EA-A893-9FEBE7ADC03C}.Debug|x64.Build.0 = Debug|x64
		{6CCCFB1E-7A38-39EA-A893-9FEBE7ADC03C}.Release|x64.ActiveCfg = Release|x64
		{6CCCFB1E-7A38-39EA-A893-9FEBE7ADC03C}.Release|x64.Build.0 = Release|x64
		{6CCCFB1E-7A38-39EA-A893-9FEBE7ADC03C}.MinSizeRel|x64.ActiveCfg = MinSizeRel|x64
		{6CCCFB1E-7A38-39EA-A893-9FEBE7ADC03C}.MinSizeRel|x64.Build.0 = MinSizeRel|x64
		{6CCCFB1E-7A38-39EA-A893-9FEBE7ADC03C}.RelWithDebInfo|x64.ActiveCfg = RelWithDebInfo|x64
		{6CCCFB1E-7A38-39EA-A893-9FEBE7ADC03C}.RelWithDebInfo|x64.Build.0 = RelWithDebInfo|x64
		{437BF92C-C5B1-311C-B3BA-FB369BFEA4BB}.Debug|x64.ActiveCfg = Debug|x64
		{437BF92C-C5B1-311C-B3BA-FB369BFEA4BB}.Release|x64.ActiveCfg = Release|x64
		{437BF92C-C5B1-311C-B3BA-FB369BFEA4BB}.MinSizeRel|x64.ActiveCfg = MinSizeRel|x64
		{437BF92C-C5B1-311C-B3BA-FB369BFEA4BB}.RelWithDebInfo|x64.ActiveCfg = RelWithDebInfo|x64
		{42F26A0E-A5E4-3435-9CA7-5DC18662F7F4}.Debug|x64.ActiveCfg = Debug|x64
		{42F26A0E-A5E4-3435-9CA7-5DC18662F7F4}.Debug|x64.Build.0 = Debug|x64
		{42F26A0E-A5E4-3435-9CA7-5DC18662F7F4}.Release|x64.ActiveCfg = Release|x64
		{42F26A0E-A5E4-3435-9CA7-5DC18662F7F4}.Release|x64.Build.0 = Release|x64
		{42F26A0E-A5E4-3435-9CA7-5DC18662F7F4}.MinSizeRel|x64.ActiveCfg = MinSizeRel|x64
		{42F26A0E-A5E4-3435-9CA7-5DC18662F7F4}.MinSizeRel|x64.Build.0 = MinSizeRel|x64
		{42F26A0E-A5E4-3435-9CA7-5DC18662F7F4}.RelWithDebInfo|x64.ActiveCfg = RelWithDebInfo|x64
		{42F26A0E-A5E4-3435-9CA7-5DC18662F7F4}.RelWithDebInfo|x64.Build.0 = RelWithDebInfo|x64
		{E8B37A60-5851-3888-BE1C-59C40E245EC2}.Debug|x64.ActiveCfg = Debug|x64
		{E8B37A60-5851-3888-BE1C-59C40E245EC2}.Debug|x64.Build.0 = Debug|x64
		{E8B37A60-5851-3888-BE1C-59C40E245EC2}.Release|x64.ActiveCfg = Release|x64
		{E8B37A60-5851-3888-BE1C-59C40E245EC2}.Release|x64.Build.0 = Release|x64
		{E8B37A60-5851-3888-BE1C-59C40E245EC2}.MinSizeRel|x64.ActiveCfg = MinSizeRel|x64
		{E8B37A60-5851-3888-BE1C-59C40E245EC2}.MinSizeRel|x64.Build.0 = MinSizeRel|x64
		{E8B37A60-5851-3888-BE1C-59C40E245EC2}.RelWithDebInfo|x64.ActiveCfg = RelWithDebInfo|x64
		{E8B37A60-5851-3888-BE1C-59C40E245EC2}.RelWithDebInfo|x64.Build.0 = RelWithDebInfo|x64
		{925DBEC8-034B-3AB1-8FDD-A7C30AE84C06}.Debug|x64.ActiveCfg = Debug|x64
		{925DBEC8-034B-3AB1-8FDD-A7C30AE84C06}.Debug|x64.Build.0 = Debug|x64
		{925DBEC8-034B-3AB1-8FDD-A7C30AE84C06}.Release|x64.ActiveCfg = Release|x64
		{925DBEC8-034B-3AB1-8FDD-A7C30AE84C06}.Release|x64.Build.0 = Release|x64
		{925DBEC8-034B-3AB1-8FDD-A7C30AE84C06}.MinSizeRel|x64.ActiveCfg = MinSizeRel|x64
		{925DBEC8-034B-3AB1-8FDD-A7C30AE84C06}.MinSizeRel|x64.Build.0 = MinSizeRel|x64
		{925DBEC8-034B-3AB1-8FDD-A7C30AE84C06}.RelWithDebInfo|x64.ActiveCfg = RelWithDebInfo|x64
		{925DBEC8-034B-3AB1-8FDD-A7C30AE84C06}.RelWithDebInfo|x64.Build.0 = RelWithDebInfo|x64
		{B9A6B04D-FBFA-3F9E-9D5B-A1997AF21D45}.Debug|x64.ActiveCfg = Debug|x64
		{B9A6B04D-FBFA-3F9E-9D5B-A1997AF21D45}.Debug|x64.Build.0 = Debug|x64
		{B9A6B04D-FBFA-3F9E-9D5B-A1997AF21D45}.Release|x64.ActiveCfg = Release|x64
		{B9A6B04D-FBFA-3F9E-9D5B-A1997AF21D45}.Release|x64.Build.0 = Release|x64
		{B9A6B04D-FBFA-3F9E-9D5B-A1997AF21D45}.MinSizeRel|x64.ActiveCfg = MinSizeRel|x64
		{B9A6B04D-FBFA-3F9E-9D5B-A1997AF21D45}.MinSizeRel|x64.Build.0 = MinSizeRel|x64
		{B9A6B04D-FBFA-3F9E-9D5B-A1997AF21D45}.RelWithDebInfo|x64.ActiveCfg = RelWithDebInfo|x64
		{B9A6B04D-FBFA-3F9E-9D5B-A1997AF21D45}.RelWithDebInfo|x64.Build.0 = RelWithDebInfo|x64
		{AE768536-DA76-373B-9282-BF0FEC2FAC11}.Debug|x64.ActiveCfg = Debug|x64
		{AE768536-DA76-373B-9282-BF0FEC2FAC11}.Debug|x64.Build.0 = Debug|x64
		{AE768536-DA76-373B-9282-BF0FEC2FAC11}.Release|x64.ActiveCfg = Release|x64
		{AE768536-DA76-373B-9282-BF0FEC2FAC11}.Release|x64.Build.0 = Release|x64
		{AE768536-DA76-373B-9282-BF0FEC2FAC11}.MinSizeRel|x64.ActiveCfg = MinSizeRel|x64
		{AE768536-DA76-373B-9282-BF0FEC2FAC11}.MinSizeRel|x64.Build.0 = MinSizeRel|x64
		{AE768536-DA76-373B-9282-BF0FEC2FAC11}.RelWithDebInfo|x64.ActiveCfg = RelWithDebInfo|x64
		{AE768536-DA76-373B-9282-BF0FEC2FAC11}.RelWithDebInfo|x64.Build.0 = RelWithDebInfo|x64
		{3F101DC8-664C-3966-B86E-D6BFCF51128F}.Debug|x64.ActiveCfg = Debug|x64
		{3F101DC8-664C-3966-B86E-D6BFCF51128F}.Debug|x64.Build.0 = Debug|x64
		{3F101DC8-664C-3966-B86E-D6BFCF51128F}.Release|x64.ActiveCfg = Release|x64
		{3F101DC8-664C-3966-B86E-D6BFCF51128F}.Release|x64.Build.0 = Release|x64
		{3F101DC8-664C-3966-B86E-D6BFCF51128F}.MinSizeRel|x64.ActiveCfg = MinSizeRel|x64
		{3F101DC8-664C-3966-B86E-D6BFCF51128F}.MinSizeRel|x64.Build.0 = MinSizeRel|x64
		{3F101DC8-664C-3966-B86E-D6BFCF51128F}.RelWithDebInfo|x64.ActiveCfg = RelWithDebInfo|x64
		{3F101DC8-664C-3966-B86E-D6BFCF51128F}.RelWithDebInfo|x64.Build.0 = RelWithDebInfo|x64
		{311FF12D-DCB9-329D-842C-25F36D85F4DE}.Debug|x64.ActiveCfg = Debug|x64
		{311FF12D-DCB9-329D-842C-25F36D85F4DE}.Debug|x64.Build.0 = Debug|x64
		{311FF12D-DCB9-329D-842C-25F36D85F4DE}.Release|x64.ActiveCfg = Release|x64
		{311FF12D-DCB9-329D-842C-25F36D85F4DE}.Release|x64.Build.0 = Release|x64
		{311FF12D-DCB9-329D-842C-25F36D85F4DE}.MinSizeRel|x64.ActiveCfg = MinSizeRel|x64
		{311FF12D-DCB9-329D-842C-25F36D85F4DE}.MinSizeRel|x64.Build.0 = MinSizeRel|x64
		{311FF12D-DCB9-329D-842C-25F36D85F4DE}.RelWithDebInfo|x64.ActiveCfg = RelWithDebInfo|x64
		{311FF12D-DCB9-329D-842C-25F36D85F4DE}.RelWithDebInfo|x64.Build.0 = RelWithDebInfo|x64
		{7BCE281C-E3F5-3497-BC5C-AF822552CF49}.Debug|x64.ActiveCfg = Debug|x64
		{7BCE281C-E3F5-3497-BC5C-AF822552CF49}.Debug|x64.Build.0 = Debug|x64
		{7BCE281C-E3F5-3497-BC5C-AF822552CF49}.Release|x64.ActiveCfg = Release|x64
		{7BCE281C-E3F5-3497-BC5C-AF822552CF49}.Release|x64.Build.0 = Release|x64
		{7BCE281C-E3F5-3497-BC5C-AF822552CF49}.MinSizeRel|x64.ActiveCfg = MinSizeRel|x64
		{7BCE281C-E3F5-3497-BC5C-AF822552CF49}.MinSizeRel|x64.Build.0 = MinSizeRel|x64
		{7BCE281C-E3F5-3497-BC5C-AF822552CF49}.RelWithDebInfo|x64.ActiveCfg = RelWithDebInfo|x64
		{7BCE281C-E3F5-3497-BC5C-AF822552CF49}.RelWithDebInfo|x64.Build.0 = RelWithDebInfo|x64
		{1279D9CC-EBF3-3B3F-8465-A4539F3698DD}.Debug|x64.ActiveCfg = Debug|x64
		{1279D9CC-EBF3-3B3F-8465-A4539F3698DD}.Debug|x64.Build.0 = Debug|x64
		{1279D9CC-EBF3-3B3F-8465-A4539F3698DD}.Release|x64.ActiveCfg = Release|x64
		{1279D9CC-EBF3-3B3F-8465-A4539F3698DD}.Release|x64.Build.0 = Release|x64
		{1279D9CC-EBF3-3B3F-8465-A4539F3698DD}.MinSizeRel|x64.ActiveCfg = MinSizeRel|x64
		{1279D9CC-EBF3-3B3F-8465-A4539F3698DD}.MinSizeRel|x64.Build.0 = MinSizeRel|x64
		{1279D9CC-EBF3-3B3F-8465-A4539F3698DD}.RelWithDebInfo|x64.ActiveCfg = RelWithDebInfo|x64
		{1279D9CC-EBF3-3B3F-8465-A4539F3698DD}.RelWithDebInfo|x64.Build.0 = RelWithDebInfo|x64
		{E4CE1FCB-B4CE-3656-A880-5F458959F705}.Debug|x64.ActiveCfg = Debug|x64
		{E4CE1FCB-B4CE-3656-A880-5F458959F705}.Release|x64.ActiveCfg = Release|x64
		{E4CE1FCB-B4CE-3656-A880-5F458959F705}.MinSizeRel|x64.ActiveCfg = MinSizeRel|x64
		{E4CE1FCB-B4CE-3656-A880-5F458959F705}.RelWithDebInfo|x64.ActiveCfg = RelWithDebInfo|x64
		{258682E3-8DAE-3201-B8F5-13A820D6FCD7}.Debug|x64.ActiveCfg = Debug|x64
		{258682E3-8DAE-3201-B8F5-13A820D6FCD7}.Debug|x64.Build.0 = Debug|x64
		{258682E3-8DAE-3201-B8F5-13A820D6FCD7}.Release|x64.ActiveCfg = Release|x64
		{258682E3-8DAE-3201-B8F5-13A820D6FCD7}.Release|x64.Build.0 = Release|x64
		{258682E3-8DAE-3201-B8F5-13A820D6FCD7}.MinSizeRel|x64.ActiveCfg = MinSizeRel|x64
		{258682E3-8DAE-3201-B8F5-13A820D6FCD7}.MinSizeRel|x64.Build.0 = MinSizeRel|x64
		{258682E3-8DAE-3201-B8F5-13A820D6FCD7}.RelWithDebInfo|x64.ActiveCfg = RelWithDebInfo|x64
		{258682E3-8DAE-3201-B8F5-13A820D6FCD7}.RelWithDebInfo|x64.Build.0 = RelWithDebInfo|x64
		{0D56E497-1A4B-36B1-AA2B-B04F81F3245A}.Debug|x64.ActiveCfg = Debug|x64
		{0D56E497-1A4B-36B1-AA2B-B04F81F3245A}.Release|x64.ActiveCfg = Release|x64
		{0D56E497-1A4B-36B1-AA2B-B04F81F3245A}.MinSizeRel|x64.ActiveCfg = MinSizeRel|x64
		{0D56E497-1A4B-36B1-AA2B-B04F81F3245A}.RelWithDebInfo|x64.ActiveCfg = RelWithDebInfo|x64
		{CCFE3D10-EBA8-3734-8104-AF1E40F0A196}.Debug|x64.ActiveCfg = Debug|x64
		{CCFE3D10-EBA8-3734-8104-AF1E40F0A196}.Debug|x64.Build.0 = Debug|x64
		{CCFE3D10-EBA8-3734-8104-AF1E40F0A196}.Release|x64.ActiveCfg = Release|x64
		{CCFE3D10-EBA8-3734-8104-AF1E40F0A196}.Release|x64.Build.0 = Release|x64
		{CCFE3D10-EBA8-3734-8104-AF1E40F0A196}.MinSizeRel|x64.ActiveCfg = MinSizeRel|x64
		{CCFE3D10-EBA8-3734-8104-AF1E40F0A196}.MinSizeRel|x64.Build.0 = MinSizeRel|x64
		{CCFE3D10-EBA8-3734-8104-AF1E40F0A196}.RelWithDebInfo|x64.ActiveCfg = RelWithDebInfo|x64
		{CCFE3D10-EBA8-3734-8104-AF1E40F0A196}.RelWithDebInfo|x64.Build.0 = RelWithDebInfo|x64
		{AA96C19C-5B1E-3C20-B420-806E5FE421DF}.Debug|x64.ActiveCfg = Debug|x64
		{AA96C19C-5B1E-3C20-B420-806E5FE421DF}.Debug|x64.Build.0 = Debug|x64
		{AA96C19C-5B1E-3C20-B420-806E5FE421DF}.Release|x64.ActiveCfg = Release|x64
		{AA96C19C-5B1E-3C20-B420-806E5FE421DF}.Release|x64.Build.0 = Release|x64
		{AA96C19C-5B1E-3C20-B420-806E5FE421DF}.MinSizeRel|x64.ActiveCfg = MinSizeRel|x64
		{AA96C19C-5B1E-3C20-B420-806E5FE421DF}.MinSizeRel|x64.Build.0 = MinSizeRel|x64
		{AA96C19C-5B1E-3C20-B420-806E5FE421DF}.RelWithDebInfo|x64.ActiveCfg = RelWithDebInfo|x64
		{AA96C19C-5B1E-3C20-B420-806E5FE421DF}.RelWithDebInfo|x64.Build.0 = RelWithDebInfo|x64
		{242EA13D-632B-3C74-8DF6-C32D3C581C8D}.Debug|x64.ActiveCfg = Debug|x64
		{242EA13D-632B-3C74-8DF6-C32D3C581C8D}.Debug|x64.Build.0 = Debug|x64
		{242EA13D-632B-3C74-8DF6-C32D3C581C8D}.Release|x64.ActiveCfg = Release|x64
		{242EA13D-632B-3C74-8DF6-C32D3C581C8D}.Release|x64.Build.0 = Release|x64
		{242EA13D-632B-3C74-8DF6-C32D3C581C8D}.MinSizeRel|x64.ActiveCfg = MinSizeRel|x64
		{242EA13D-632B-3C74-8DF6-C32D3C581C8D}.MinSizeRel|x64.Build.0 = MinSizeRel|x64
		{242EA13D-632B-3C74-8DF6-C32D3C581C8D}.RelWithDebInfo|x64.ActiveCfg = RelWithDebInfo|x64
		{242EA13D-632B-3C74-8DF6-C32D3C581C8D}.RelWithDebInfo|x64.Build.0 = RelWithDebInfo|x64
		{9BE9E61E-0623-3B4D-B546-94D9CB176729}.Debug|x64.ActiveCfg = Debug|x64
		{9BE9E61E-0623-3B4D-B546-94D9CB176729}.Release|x64.ActiveCfg = Release|x64
		{9BE9E61E-0623-3B4D-B546-94D9CB176729}.MinSizeRel|x64.ActiveCfg = MinSizeRel|x64
		{9BE9E61E-0623-3B4D-B546-94D9CB176729}.RelWithDebInfo|x64.ActiveCfg = RelWithDebInfo|x64
		{E312C247-6AD5-364A-AC8D-0F1669BA2B71}.Debug|x64.ActiveCfg = Debug|x64
		{E312C247-6AD5-364A-AC8D-0F1669BA2B71}.Debug|x64.Build.0 = Debug|x64
		{E312C247-6AD5-364A-AC8D-0F1669BA2B71}.Release|x64.ActiveCfg = Release|x64
		{E312C247-6AD5-364A-AC8D-0F1669BA2B71}.Release|x64.Build.0 = Release|x64
		{E312C247-6AD5-364A-AC8D-0F1669BA2B71}.MinSizeRel|x64.ActiveCfg = MinSizeRel|x64
		{E312C247-6AD5-364A-AC8D-0F1669BA2B71}.MinSizeRel|x64.Build.0 = MinSizeRel|x64
		{E312C247-6AD5-364A-AC8D-0F1669BA2B71}.RelWithDebInfo|x64.ActiveCfg = RelWithDebInfo|x64
		{E312C247-6AD5-364A-AC8D-0F1669BA2B71}.RelWithDebInfo|x64.Build.0 = RelWithDebInfo|x64
		{F30A5C01-D279-3850-A9A3-4F7830761462}.Debug|x64.ActiveCfg = Debug|x64
		{F30A5C01-D279-3850-A9A3-4F7830761462}.Release|x64.ActiveCfg = Release|x64
		{F30A5C01-D279-3850-A9A3-4F7830761462}.MinSizeRel|x64.ActiveCfg = MinSizeRel|x64
		{F30A5C01-D279-3850-A9A3-4F7830761462}.RelWithDebInfo|x64.ActiveCfg = RelWithDebInfo|x64
		{88EF179D-B42E-33CE-934D-822BA1007B51}.Debug|x64.ActiveCfg = Debug|x64
		{88EF179D-B42E-33CE-934D-822BA1007B51}.Debug|x64.Build.0 = Debug|x64
		{88EF179D-B42E-33CE-934D-822BA1007B51}.Release|x64.ActiveCfg = Release|x64
		{88EF179D-B42E-33CE-934D-822BA1007B51}.Release|x64.Build.0 = Release|x64
		{88EF179D-B42E-33CE-934D-822BA1007B51}.MinSizeRel|x64.ActiveCfg = MinSizeRel|x64
		{88EF179D-B42E-33CE-934D-822BA1007B51}.MinSizeRel|x64.Build.0 = MinSizeRel|x64
		{88EF179D-B42E-33CE-934D-822BA1007B51}.RelWithDebInfo|x64.ActiveCfg = RelWithDebInfo|x64
		{88EF179D-B42E-33CE-934D-822BA1007B51}.RelWithDebInfo|x64.Build.0 = RelWithDebInfo|x64
		{FEC468B1-1277-3249-B29A-58D9793F38B3}.Debug|x64.ActiveCfg = Debug|x64
		{FEC468B1-1277-3249-B29A-58D9793F38B3}.Debug|x64.Build.0 = Debug|x64
		{FEC468B1-1277-3249-B29A-58D9793F38B3}.Release|x64.ActiveCfg = Release|x64
		{FEC468B1-1277-3249-B29A-58D9793F38B3}.Release|x64.Build.0 = Release|x64
		{FEC468B1-1277-3249-B29A-58D9793F38B3}.MinSizeRel|x64.ActiveCfg = MinSizeRel|x64
		{FEC468B1-1277-3249-B29A-58D9793F38B3}.MinSizeRel|x64.Build.0 = MinSizeRel|x64
		{FEC468B1-1277-3249-B29A-58D9793F38B3}.RelWithDebInfo|x64.ActiveCfg = RelWithDebInfo|x64
		{FEC468B1-1277-3249-B29A-58D9793F38B3}.RelWithDebInfo|x64.Build.0 = RelWithDebInfo|x64
		{27DA9067-642B-34F7-A895-2724F7D97E92}.Debug|x64.ActiveCfg = Debug|x64
		{27DA9067-642B-34F7-A895-2724F7D97E92}.Debug|x64.Build.0 = Debug|x64
		{27DA9067-642B-34F7-A895-2724F7D97E92}.Release|x64.ActiveCfg = Release|x64
		{27DA9067-642B-34F7-A895-2724F7D97E92}.Release|x64.Build.0 = Release|x64
		{27DA9067-642B-34F7-A895-2724F7D97E92}.MinSizeRel|x64.ActiveCfg = MinSizeRel|x64
		{27DA9067-642B-34F7-A895-2724F7D97E92}.MinSizeRel|x64.Build.0 = MinSizeRel|x64
		{27DA9067-642B-34F7-A895-2724F7D97E92}.RelWithDebInfo|x64.ActiveCfg = RelWithDebInfo|x64
		{27DA9067-642B-34F7-A895-2724F7D97E92}.RelWithDebInfo|x64.Build.0 = RelWithDebInfo|x64
		{9F099B83-A6DA-38E1-9AD3-01B09BFDC025}.Debug|x64.ActiveCfg = Debug|x64
		{9F099B83-A6DA-38E1-9AD3-01B09BFDC025}.Debug|x64.Build.0 = Debug|x64
		{9F099B83-A6DA-38E1-9AD3-01B09BFDC025}.Release|x64.ActiveCfg = Release|x64
		{9F099B83-A6DA-38E1-9AD3-01B09BFDC025}.Release|x64.Build.0 = Release|x64
		{9F099B83-A6DA-38E1-9AD3-01B09BFDC025}.MinSizeRel|x64.ActiveCfg = MinSizeRel|x64
		{9F099B83-A6DA-38E1-9AD3-01B09BFDC025}.MinSizeRel|x64.Build.0 = MinSizeRel|x64
		{9F099B83-A6DA-38E1-9AD3-01B09BFDC025}.RelWithDebInfo|x64.ActiveCfg = RelWithDebInfo|x64
		{9F099B83-A6DA-38E1-9AD3-01B09BFDC025}.RelWithDebInfo|x64.Build.0 = RelWithDebInfo|x64
		{8DECECE4-0C13-3CA2-A507-3B4ADDE27880}.Debug|x64.ActiveCfg = Debug|x64
		{8DECECE4-0C13-3CA2-A507-3B4ADDE27880}.Debug|x64.Build.0 = Debug|x64
		{8DECECE4-0C13-3CA2-A507-3B4ADDE27880}.Release|x64.ActiveCfg = Release|x64
		{8DECECE4-0C13-3CA2-A507-3B4ADDE27880}.Release|x64.Build.0 = Release|x64
		{8DECECE4-0C13-3CA2-A507-3B4ADDE27880}.MinSizeRel|x64.ActiveCfg = MinSizeRel|x64
		{8DECECE4-0C13-3CA2-A507-3B4ADDE27880}.MinSizeRel|x64.Build.0 = MinSizeRel|x64
		{8DECECE4-0C13-3CA2-A507-3B4ADDE27880}.RelWithDebInfo|x64.ActiveCfg = RelWithDebInfo|x64
		{8DECECE4-0C13-3CA2-A507-3B4ADDE27880}.RelWithDebInfo|x64.Build.0 = RelWithDebInfo|x64
		{1B165448-527C-376E-8E04-262FE7BBF708}.Debug|x64.ActiveCfg = Debug|x64
		{1B165448-527C-376E-8E04-262FE7BBF708}.Debug|x64.Build.0 = Debug|x64
		{1B165448-527C-376E-8E04-262FE7BBF708}.Release|x64.ActiveCfg = Release|x64
		{1B165448-527C-376E-8E04-262FE7BBF708}.Release|x64.Build.0 = Release|x64
		{1B165448-527C-376E-8E04-262FE7BBF708}.MinSizeRel|x64.ActiveCfg = MinSizeRel|x64
		{1B165448-527C-376E-8E04-262FE7BBF708}.MinSizeRel|x64.Build.0 = MinSizeRel|x64
		{1B165448-527C-376E-8E04-262FE7BBF708}.RelWithDebInfo|x64.ActiveCfg = RelWithDebInfo|x64
		{1B165448-527C-376E-8E04-262FE7BBF708}.RelWithDebInfo|x64.Build.0 = RelWithDebInfo|x64
		{5881D599-E435-3AB0-A460-6D4C2842A5A5}.Debug|x64.ActiveCfg = Debug|x64
		{5881D599-E435-3AB0-A460-6D4C2842A5A5}.Debug|x64.Build.0 = Debug|x64
		{5881D599-E435-3AB0-A460-6D4C2842A5A5}.Release|x64.ActiveCfg = Release|x64
		{5881D599-E435-3AB0-A460-6D4C2842A5A5}.Release|x64.Build.0 = Release|x64
		{5881D599-E435-3AB0-A460-6D4C2842A5A5}.MinSizeRel|x64.ActiveCfg = MinSizeRel|x64
		{5881D599-E435-3AB0-A460-6D4C2842A5A5}.MinSizeRel|x64.Build.0 = MinSizeRel|x64
		{5881D599-E435-3AB0-A460-6D4C2842A5A5}.RelWithDebInfo|x64.ActiveCfg = RelWithDebInfo|x64
		{5881D599-E435-3AB0-A460-6D4C2842A5A5}.RelWithDebInfo|x64.Build.0 = RelWithDebInfo|x64
		{B883E568-F0C2-30BD-9797-A6D97B5B8D3C}.Debug|x64.ActiveCfg = Debug|x64
		{B883E568-F0C2-30BD-9797-A6D97B5B8D3C}.Debug|x64.Build.0 = Debug|x64
		{B883E568-F0C2-30BD-9797-A6D97B5B8D3C}.Release|x64.ActiveCfg = Release|x64
		{B883E568-F0C2-30BD-9797-A6D97B5B8D3C}.Release|x64.Build.0 = Release|x64
		{B883E568-F0C2-30BD-9797-A6D97B5B8D3C}.MinSizeRel|x64.ActiveCfg = MinSizeRel|x64
		{B883E568-F0C2-30BD-9797-A6D97B5B8D3C}.MinSizeRel|x64.Build.0 = MinSizeRel|x64
		{B883E568-F0C2-30BD-9797-A6D97B5B8D3C}.RelWithDebInfo|x64.ActiveCfg = RelWithDebInfo|x64
		{B883E568-F0C2-30BD-9797-A6D97B5B8D3C}.RelWithDebInfo|x64.Build.0 = RelWithDebInfo|x64
		{A1C166B7-496D-3218-AB0C-D8282C42D1B1}.Debug|x64.ActiveCfg = Debug|x64
		{A1C166B7-496D-3218-AB0C-D8282C42D1B1}.Debug|x64.Build.0 = Debug|x64
		{A1C166B7-496D-3218-AB0C-D8282C42D1B1}.Release|x64.ActiveCfg = Release|x64
		{A1C166B7-496D-3218-AB0C-D8282C42D1B1}.Release|x64.Build.0 = Release|x64
		{A1C166B7-496D-3218-AB0C-D8282C42D1B1}.MinSizeRel|x64.ActiveCfg = MinSizeRel|x64
		{A1C166B7-496D-3218-AB0C-D8282C42D1B1}.MinSizeRel|x64.Build.0 = MinSizeRel|x64
		{A1C166B7-496D-3218-AB0C-D8282C42D1B1}.RelWithDebInfo|x64.ActiveCfg = RelWithDebInfo|x64
		{A1C166B7-496D-3218-AB0C-D8282C42D1B1}.RelWithDebInfo|x64.Build.0 = RelWithDebInfo|x64
		{C9AC6123-7193-365D-B4E2-402ABD4A6136}.Debug|x64.ActiveCfg = Debug|x64
		{C9AC6123-7193-365D-B4E2-402ABD4A6136}.Release|x64.ActiveCfg = Release|x64
		{C9AC6123-7193-365D-B4E2-402ABD4A6136}.MinSizeRel|x64.ActiveCfg = MinSizeRel|x64
		{C9AC6123-7193-365D-B4E2-402ABD4A6136}.RelWithDebInfo|x64.ActiveCfg = RelWithDebInfo|x64
		{DFFF922F-E6AF-3FE4-91F4-E16CE0A8AA6D}.Debug|x64.ActiveCfg = Debug|x64
		{DFFF922F-E6AF-3FE4-91F4-E16CE0A8AA6D}.Debug|x64.Build.0 = Debug|x64
		{DFFF922F-E6AF-3FE4-91F4-E16CE0A8AA6D}.Release|x64.ActiveCfg = Release|x64
		{DFFF922F-E6AF-3FE4-91F4-E16CE0A8AA6D}.Release|x64.Build.0 = Release|x64
		{DFFF922F-E6AF-3FE4-91F4-E16CE0A8AA6D}.MinSizeRel|x64.ActiveCfg = MinSizeRel|x64
		{DFFF922F-E6AF-3FE4-91F4-E16CE0A8AA6D}.MinSizeRel|x64.Build.0 = MinSizeRel|x64
		{DFFF922F-E6AF-3FE4-91F4-E16CE0A8AA6D}.RelWithDebInfo|x64.ActiveCfg = RelWithDebInfo|x64
		{DFFF922F-E6AF-3FE4-91F4-E16CE0A8AA6D}.RelWithDebInfo|x64.Build.0 = RelWithDebInfo|x64
		{21F0A936-1ED7-3435-8EBB-CE160CB34130}.Debug|x64.ActiveCfg = Debug|x64
		{21F0A936-1ED7-3435-8EBB-CE160CB34130}.Debug|x64.Build.0 = Debug|x64
		{21F0A936-1ED7-3435-8EBB-CE160CB34130}.Release|x64.ActiveCfg = Release|x64
		{21F0A936-1ED7-3435-8EBB-CE160CB34130}.Release|x64.Build.0 = Release|x64
		{21F0A936-1ED7-3435-8EBB-CE160CB34130}.MinSizeRel|x64.ActiveCfg = MinSizeRel|x64
		{21F0A936-1ED7-3435-8EBB-CE160CB34130}.MinSizeRel|x64.Build.0 = MinSizeRel|x64
		{21F0A936-1ED7-3435-8EBB-CE160CB34130}.RelWithDebInfo|x64.ActiveCfg = RelWithDebInfo|x64
		{21F0A936-1ED7-3435-8EBB-CE160CB34130}.RelWithDebInfo|x64.Build.0 = RelWithDebInfo|x64
		{F7898D50-5225-3F98-898F-1E1E0C40F746}.Debug|x64.ActiveCfg = Debug|x64
		{F7898D50-5225-3F98-898F-1E1E0C40F746}.Release|x64.ActiveCfg = Release|x64
		{F7898D50-5225-3F98-898F-1E1E0C40F746}.MinSizeRel|x64.ActiveCfg = MinSizeRel|x64
		{F7898D50-5225-3F98-898F-1E1E0C40F746}.RelWithDebInfo|x64.ActiveCfg = RelWithDebInfo|x64
		{454CC9AC-C61B-32F6-9EA3-4AB81483ED7F}.Debug|x64.ActiveCfg = Debug|x64
		{454CC9AC-C61B-32F6-9EA3-4AB81483ED7F}.Release|x64.ActiveCfg = Release|x64
		{454CC9AC-C61B-32F6-9EA3-4AB81483ED7F}.MinSizeRel|x64.ActiveCfg = MinSizeRel|x64
		{454CC9AC-C61B-32F6-9EA3-4AB81483ED7F}.RelWithDebInfo|x64.ActiveCfg = RelWithDebInfo|x64
	EndGlobalSection
	GlobalSection(ExtensibilityGlobals) = postSolution
		SolutionGuid = {151E760B-1E3B-3EC5-B180-937E3B94D888}
	EndGlobalSection
	GlobalSection(ExtensibilityAddIns) = postSolution
	EndGlobalSection
EndGlobal
